
Microsoft Visual Studio Solution File, Format Version 12.00
# Visual Studio Version 17
VisualStudioVersion = 17.2.32616.157
MinimumVisualStudioVersion = 10.0.40219.1
Project("{FAE04EC0-301F-11D3-BF4B-00C04F79EFBC}") = "LtRt2LCRS", "LtRt2LCRS\LtRt2LCRS.csproj", "{5BB6DCE6-0429-47AF-9952-423722624309}"
EndProject
Project("{FAE04EC0-301F-11D3-BF4B-00C04F79EFBC}") = "Wav.Net", "Wav.Net\Wav.Net\Wav.Net.csproj", "{05BB732F-9A16-4C82-A293-9D7144997242}"
EndProject
Global
	GlobalSection(SolutionConfigurationPlatforms) = preSolution
		Debug|Any CPU = Debug|Any CPU
		Release|Any CPU = Release|Any CPU
	EndGlobalSection
	GlobalSection(ProjectConfigurationPlatforms) = postSolution
		{5BB6DCE6-0429-47AF-9952-423722624309}.Debug|Any CPU.ActiveCfg = Debug|Any CPU
		{5BB6DCE6-0429-47AF-9952-423722624309}.Debug|Any CPU.Build.0 = Debug|Any CPU
		{5BB6DCE6-0429-47AF-9952-423722624309}.Release|Any CPU.ActiveCfg = Release|Any CPU
		{5BB6DCE6-0429-47AF-9952-423722624309}.Release|Any CPU.Build.0 = Release|Any CPU
		{05BB732F-9A16-4C82-A293-9D7144997242}.Debug|Any CPU.ActiveCfg = Debug|Any CPU
		{05BB732F-9A16-4C82-A293-9D7144997242}.Debug|Any CPU.Build.0 = Debug|Any CPU
		{05BB732F-9A16-4C82-A293-9D7144997242}.Release|Any CPU.ActiveCfg = Release|Any CPU
		{05BB732F-9A16-4C82-A293-9D7144997242}.Release|Any CPU.Build.0 = Release|Any CPU
	EndGlobalSection
	GlobalSection(SolutionProperties) = preSolution
		HideSolutionNode = FALSE
	EndGlobalSection
	GlobalSection(ExtensibilityGlobals) = postSolution
		SolutionGuid = {B3B1E617-CC76-434C-9E8E-D8EA7B181BD2}
	EndGlobalSection
EndGlobal
